
Microsoft Visual Studio Solution File, Format Version 12.00
# Visual Studio Version 16
VisualStudioVersion = 16.0.29411.108
MinimumVisualStudioVersion = 10.0.40219.1
Project("{FAE04EC0-301F-11D3-BF4B-00C04F79EFBC}") = "First Form App", "First Form App\First Form App.csproj", "{A0CFA7F5-4E9A-4060-AB02-590045F2DFED}"
EndProject
Global
	GlobalSection(SolutionConfigurationPlatforms) = preSolution
		Debug|Any CPU = Debug|Any CPU
		Release|Any CPU = Release|Any CPU
	EndGlobalSection
	GlobalSection(ProjectConfigurationPlatforms) = postSolution
		{A0CFA7F5-4E9A-4060-AB02-590045F2DFED}.Debug|Any CPU.ActiveCfg = Debug|Any CPU
		{A0CFA7F5-4E9A-4060-AB02-590045F2DFED}.Debug|Any CPU.Build.0 = Debug|Any CPU
		{A0CFA7F5-4E9A-4060-AB02-590045F2DFED}.Release|Any CPU.ActiveCfg = Release|Any CPU
		{A0CFA7F5-4E9A-4060-AB02-590045F2DFED}.Release|Any CPU.Build.0 = Release|Any CPU
	EndGlobalSection
	GlobalSection(SolutionProperties) = preSolution
		HideSolutionNode = FALSE
	EndGlobalSection
	GlobalSection(ExtensibilityGlobals) = postSolution
		SolutionGuid = {9B9AA905-3D9E-45DA-B2C9-CE6713CAA501}
	EndGlobalSection
EndGlobal
